
Microsoft Visual Studio Solution File, Format Version 12.00
# Visual Studio Version 17
VisualStudioVersion = 17.4.33110.190
MinimumVisualStudioVersion = 10.0.40219.1
Project("{FAE04EC0-301F-11D3-BF4B-00C04F79EFBC}") = "Portfolio", "Portfolio\Portfolio.csproj", "{4F65CDDF-BECD-4B52-ABEA-070D0EE11E64}"
EndProject
Project("{FAE04EC0-301F-11D3-BF4B-00C04F79EFBC}") = "GitHubService", "GitHubService\GitHubService.csproj", "{2193E4AE-894B-43DC-AE5C-7DD6DF27DA25}"
EndProject
Global
	GlobalSection(SolutionConfigurationPlatforms) = preSolution
		Debug|Any CPU = Debug|Any CPU
		Release|Any CPU = Release|Any CPU
	EndGlobalSection
	GlobalSection(ProjectConfigurationPlatforms) = postSolution
		{4F65CDDF-BECD-4B52-ABEA-070D0EE11E64}.Debug|Any CPU.ActiveCfg = Debug|Any CPU
		{4F65CDDF-BECD-4B52-ABEA-070D0EE11E64}.Debug|Any CPU.Build.0 = Debug|Any CPU
		{4F65CDDF-BECD-4B52-ABEA-070D0EE11E64}.Release|Any CPU.ActiveCfg = Release|Any CPU
		{4F65CDDF-BECD-4B52-ABEA-070D0EE11E64}.Release|Any CPU.Build.0 = Release|Any CPU
		{2193E4AE-894B-43DC-AE5C-7DD6DF27DA25}.Debug|Any CPU.ActiveCfg = Debug|Any CPU
		{2193E4AE-894B-43DC-AE5C-7DD6DF27DA25}.Debug|Any CPU.Build.0 = Debug|Any CPU
		{2193E4AE-894B-43DC-AE5C-7DD6DF27DA25}.Release|Any CPU.ActiveCfg = Release|Any CPU
		{2193E4AE-894B-43DC-AE5C-7DD6DF27DA25}.Release|Any CPU.Build.0 = Release|Any CPU
	EndGlobalSection
	GlobalSection(SolutionProperties) = preSolution
		HideSolutionNode = FALSE
	EndGlobalSection
	GlobalSection(ExtensibilityGlobals) = postSolution
		SolutionGuid = {48968277-878A-4F60-992B-098D80612420}
	EndGlobalSection
EndGlobal
